
Microsoft Visual Studio Solution File, Format Version 12.00
# Visual Studio Version 17
VisualStudioVersion = 17.5.33414.496
MinimumVisualStudioVersion = 10.0.40219.1
Project("{FAE04EC0-301F-11D3-BF4B-00C04F79EFBC}") = "RegexUserRegistrationProblemUnitTest", "RegexUserRegistrationProblemUnitTest.csproj", "{5C9FE9ED-7A14-4F59-8F6C-822EC2A5ED4D}"
EndProject
Project("{FAE04EC0-301F-11D3-BF4B-00C04F79EFBC}") = "UserTestProject", "..\UserTestProject\UserTestProject.csproj", "{B6C0D88A-F6D0-4ADE-B71A-348A9B641FD8}"
EndProject
Global
	GlobalSection(SolutionConfigurationPlatforms) = preSolution
		Debug|Any CPU = Debug|Any CPU
		Release|Any CPU = Release|Any CPU
	EndGlobalSection
	GlobalSection(ProjectConfigurationPlatforms) = postSolution
		{5C9FE9ED-7A14-4F59-8F6C-822EC2A5ED4D}.Debug|Any CPU.ActiveCfg = Debug|Any CPU
		{5C9FE9ED-7A14-4F59-8F6C-822EC2A5ED4D}.Debug|Any CPU.Build.0 = Debug|Any CPU
		{5C9FE9ED-7A14-4F59-8F6C-822EC2A5ED4D}.Release|Any CPU.ActiveCfg = Release|Any CPU
		{5C9FE9ED-7A14-4F59-8F6C-822EC2A5ED4D}.Release|Any CPU.Build.0 = Release|Any CPU
		{B6C0D88A-F6D0-4ADE-B71A-348A9B641FD8}.Debug|Any CPU.ActiveCfg = Debug|Any CPU
		{B6C0D88A-F6D0-4ADE-B71A-348A9B641FD8}.Debug|Any CPU.Build.0 = Debug|Any CPU
		{B6C0D88A-F6D0-4ADE-B71A-348A9B641FD8}.Release|Any CPU.ActiveCfg = Release|Any CPU
		{B6C0D88A-F6D0-4ADE-B71A-348A9B641FD8}.Release|Any CPU.Build.0 = Release|Any CPU
	EndGlobalSection
	GlobalSection(SolutionProperties) = preSolution
		HideSolutionNode = FALSE
	EndGlobalSection
	GlobalSection(ExtensibilityGlobals) = postSolution
		SolutionGuid = {7271BBD4-3406-44C1-AFB4-AAE2BE128C3D}
	EndGlobalSection
EndGlobal
